
Microsoft Visual Studio Solution File, Format Version 12.00
# Visual Studio Version 16
VisualStudioVersion = 16.0.29318.209
MinimumVisualStudioVersion = 10.0.40219.1
Project("{FAE04EC0-301F-11D3-BF4B-00C04F79EFBC}") = "LemonadeStand", "LemonadeStand\LemonadeStand.csproj", "{0B12E50E-3C53-4C3B-9028-6782CE9F86F4}"
EndProject
Global
	GlobalSection(SolutionConfigurationPlatforms) = preSolution
		Debug|Any CPU = Debug|Any CPU
		Release|Any CPU = Release|Any CPU
	EndGlobalSection
	GlobalSection(ProjectConfigurationPlatforms) = postSolution
		{0B12E50E-3C53-4C3B-9028-6782CE9F86F4}.Debug|Any CPU.ActiveCfg = Debug|Any CPU
		{0B12E50E-3C53-4C3B-9028-6782CE9F86F4}.Debug|Any CPU.Build.0 = Debug|Any CPU
		{0B12E50E-3C53-4C3B-9028-6782CE9F86F4}.Release|Any CPU.ActiveCfg = Release|Any CPU
		{0B12E50E-3C53-4C3B-9028-6782CE9F86F4}.Release|Any CPU.Build.0 = Release|Any CPU
	EndGlobalSection
	GlobalSection(SolutionProperties) = preSolution
		HideSolutionNode = FALSE
	EndGlobalSection
	GlobalSection(ExtensibilityGlobals) = postSolution
		SolutionGuid = {B2F28755-D4EB-43C6-A70D-93AE4B6B0783}
	EndGlobalSection
EndGlobal
